
Microsoft Visual Studio Solution File, Format Version 12.00
# Visual Studio Version 17
VisualStudioVersion = 17.9.34616.47
MinimumVisualStudioVersion = 10.0.40219.1
Project("{FAE04EC0-301F-11D3-BF4B-00C04F79EFBC}") = "Computer Graphic", "Computer Graphic\Computer Graphic.csproj", "{B047BBA1-4899-40A2-94B0-303272F674C5}"
EndProject
Global
	GlobalSection(SolutionConfigurationPlatforms) = preSolution
		Debug|Any CPU = Debug|Any CPU
		Release|Any CPU = Release|Any CPU
	EndGlobalSection
	GlobalSection(ProjectConfigurationPlatforms) = postSolution
		{B047BBA1-4899-40A2-94B0-303272F674C5}.Debug|Any CPU.ActiveCfg = Debug|Any CPU
		{B047BBA1-4899-40A2-94B0-303272F674C5}.Debug|Any CPU.Build.0 = Debug|Any CPU
		{B047BBA1-4899-40A2-94B0-303272F674C5}.Release|Any CPU.ActiveCfg = Release|Any CPU
		{B047BBA1-4899-40A2-94B0-303272F674C5}.Release|Any CPU.Build.0 = Release|Any CPU
	EndGlobalSection
	GlobalSection(SolutionProperties) = preSolution
		HideSolutionNode = FALSE
	EndGlobalSection
	GlobalSection(ExtensibilityGlobals) = postSolution
		SolutionGuid = {876E0926-7B54-40FF-BE7E-F8CE1B9DBC32}
	EndGlobalSection
EndGlobal
